// !$*UTF8*$!
{
	archiveVersion = 1;
	classes = {
	};
	objectVersion = 46;
	objects = {

/* Begin PBXBuildFile section */
		09C009C01CDADFC600EFFA06 /* AppDelegate.swift in Sources */ = {isa = PBXBuildFile; fileRef = 09C009BF1CDADFC600EFFA06 /* AppDelegate.swift */; };
		09C009C21CDADFC600EFFA06 /* ViewController.swift in Sources */ = {isa = PBXBuildFile; fileRef = 09C009C11CDADFC600EFFA06 /* ViewController.swift */; };
		09C009C51CDADFC600EFFA06 /* Main.storyboard in Resources */ = {isa = PBXBuildFile; fileRef = 09C009C31CDADFC600EFFA06 /* Main.storyboard */; };
		09C009C71CDADFC600EFFA06 /* Assets.xcassets in Resources */ = {isa = PBXBuildFile; fileRef = 09C009C61CDADFC600EFFA06 /* Assets.xcassets */; };
		09C009CA1CDADFC600EFFA06 /* LaunchScreen.storyboard in Resources */ = {isa = PBXBuildFile; fileRef = 09C009C81CDADFC600EFFA06 /* LaunchScreen.storyboard */; };
/* End PBXBuildFile section */

/* Begin PBXFileReference section */
		09C009BC1CDADFC600EFFA06 /* Blackjack.app */ = {isa = PBXFileReference; explicitFileType = wrapper.application; includeInIndex = 0; path = Blackjack.app; sourceTree = BUILT_PRODUCTS_DIR; };
		09C009BF1CDADFC600EFFA06 /* AppDelegate.swift */ = {isa = PBXFileReference; lastKnownFileType = sourcecode.swift; path = AppDelegate.swift; sourceTree = "<group>"; };
		09C009C11CDADFC600EFFA06 /* ViewController.swift */ = {isa = PBXFileReference; lastKnownFileType = sourcecode.swift; path = ViewController.swift; sourceTree = "<group>"; };
		09C009C41CDADFC600EFFA06 /* Base */ = {isa = PBXFileReference; lastKnownFileType = file.storyboard; name = Base; path = Base.lproj/Main.storyboard; sourceTree = "<group>"; };
		09C009C61CDADFC600EFFA06 /* Assets.xcassets */ = {isa = PBXFileReference; lastKnownFileType = folder.assetcatalog; path = Assets.xcassets; sourceTree = "<group>"; };
		09C009C91CDADFC600EFFA06 /* Base */ = {isa = PBXFileReference; lastKnownFileType = file.storyboard; name = Base; path = Base.lproj/LaunchScreen.storyboard; sourceTree = "<group>"; };
		09C009CB1CDADFC600EFFA06 /* Info.plist */ = {isa = PBXFileReference; lastKnownFileType = text.plist.xml; path = Info.plist; sourceTree = "<group>"; };
/* End PBXFileReference section */

/* Begin PBXFrameworksBuildPhase section */
		09C009B91CDADFC600EFFA06 /* Frameworks */ = {
			isa = PBXFrameworksBuildPhase;
			buildActionMask = 2147483647;
			files = (
			);
			runOnlyForDeploymentPostprocessing = 0;
		};
/* End PBXFrameworksBuildPhase section */

/* Begin PBXGroup section */
		09C009B31CDADFC600EFFA06 = {
			isa = PBXGroup;
			children = (
				09C009BE1CDADFC600EFFA06 /* Blackjack */,
			);
			sourceTree = "<group>";
		};
		09C009BD1CDADFC600EFFA06 /* Products */ = {
			isa = PBXGroup;
			children = (
				09C009BC1CDADFC600EFFA06 /* Blackjack.app */,
			);
			name = Products;
			path = ..;
			sourceTree = "<group>";
		};
		09C009BE1CDADFC600EFFA06 /* Blackjack */ = {
			isa = PBXGroup;
			children = (
				09C009BF1CDADFC600EFFA06 /* AppDelegate.swift */,
				09C009C11CDADFC600EFFA06 /* ViewController.swift */,
				09C009C31CDADFC600EFFA06 /* Main.storyboard */,
				09C009C61CDADFC600EFFA06 /* Assets.xcassets */,
				09C009C81CDADFC600EFFA06 /* LaunchScreen.storyboard */,
				09C009CB1CDADFC600EFFA06 /* Info.plist */,
				09C009BD1CDADFC600EFFA06 /* Products */,
			);
			path = Blackjack;
			sourceTree = "<group>";
		};
/* End PBXGroup section */

/* Begin PBXNativeTarget section */
		09C009BB1CDADFC600EFFA06 /* Blackjack */ = {
			isa = PBXNativeTarget;
			buildConfigurationList = 09C009CE1CDADFC700EFFA06 /* Build configuration list for PBXNativeTarget "Blackjack" */;
			buildPhases = (
				09C009B81CDADFC600EFFA06 /* Sources */,
				09C009B91CDADFC600EFFA06 /* Frameworks */,
				09C009BA1CDADFC600EFFA06 /* Resources */,
			);
			buildRules = (
			);
			dependencies = (
			);
			name = Blackjack;
			productName = Blackjack;
			productReference = 09C009BC1CDADFC600EFFA06 /* Blackjack.app */;
			productType = "com.apple.product-type.application";
		};
/* End PBXNativeTarget section */

/* Begin PBXProject section */
		09C009B41CDADFC600EFFA06 /* Project object */ = {
			isa = PBXProject;
			attributes = {
				LastSwiftUpdateCheck = 0720;
				LastUpgradeCheck = 0720;
				ORGANIZATIONNAME = "Max Ong";
				TargetAttributes = {
					09C009BB1CDADFC600EFFA06 = {
						CreatedOnToolsVersion = 7.2;
						DevelopmentTeam = ZC52K6CZMG;
					};
				};
			};
			buildConfigurationList = 09C009B71CDADFC600EFFA06 /* Build configuration list for PBXProject "Blackjack" */;
			compatibilityVersion = "Xcode 3.2";
			developmentRegion = English;
			hasScannedForEncodings = 0;
			knownRegions = (
				en,
				Base,
			);
			mainGroup = 09C009B31CDADFC600EFFA06;
			productRefGroup = 09C009BD1CDADFC600EFFA06 /* Products */;
			projectDirPath = "";
			projectRoot = "";
			targets = (
				09C009BB1CDADFC600EFFA06 /* Blackjack */,
			);
		};
/* End PBXProject section */

/* Begin PBXResourcesBuildPhase section */
		09C009BA1CDADFC600EFFA06 /* Resources */ = {
			isa = PBXResourcesBuildPhase;
			buildActionMask = 2147483647;
			files = (
				09C009CA1CDADFC600EFFA06 /* LaunchScreen.storyboard in Resources */,
				09C009C71CDADFC600EFFA06 /* Assets.xcassets in Resources */,
				09C009C51CDADFC600EFFA06 /* Main.storyboard in Resources */,
			);
			runOnlyForDeploymentPostprocessing = 0;
		};
/* End PBXResourcesBuildPhase section */

/* Begin PBXSourcesBuildPhase section */
		09C009B81CDADFC600EFFA06 /* Sources */ = {
			isa = PBXSourcesBuildPhase;
			buildActionMask = 2147483647;
			files = (
				09C009C21CDADFC600EFFA06 /* ViewController.swift in Sources */,
				09C009C01CDADFC600EFFA06 /* AppDelegate.swift in Sources */,
			);
			runOnlyForDeploymentPostprocessing = 0;
		};
/* End PBXSourcesBuildPhase section */

/* Begin PBXVariantGroup section */
		09C009C31CDADFC600EFFA06 /* Main.storyboard */ = {
			isa = PBXVariantGroup;
			children = (
				09C009C41CDADFC600EFFA06 /* Base */,
			);
			name = Main.storyboard;
			sourceTree = "<group>";
		};
		09C009C81CDADFC600EFFA06 /* LaunchScreen.storyboard */ = {
			isa = PBXVariantGroup;
			children = (
				09C009C91CDADFC600EFFA06 /* Base */,
			);
			name = LaunchScreen.storyboard;
			sourceTree = "<group>";
		};
/* End PBXVariantGroup section */

/* Begin XCBuildConfiguration section */
		09C009CC1CDADFC700EFFA06 /* Debug */ = {
			isa = XCBuildConfiguration;
			buildSettings = {
				ALWAYS_SEARCH_USER_PATHS = NO;
				CLANG_CXX_LANGUAGE_STANDARD = "gnu++0x";
				CLANG_CXX_LIBRARY = "libc++";
				CLANG_ENABLE_MODULES = YES;
				CLANG_ENABLE_OBJC_ARC = YES;
				CLANG_WARN_BOOL_CONVERSION = YES;
				CLANG_WARN_CONSTANT_CONVERSION = YES;
				CLANG_WARN_DIRECT_OBJC_ISA_USAGE = YES_ERROR;
				CLANG_WARN_EMPTY_BODY = YES;
				CLANG_WARN_ENUM_CONVERSION = YES;
				CLANG_WARN_INT_CONVERSION = YES;
				CLANG_WARN_OBJC_ROOT_CLASS = YES_ERROR;
				CLANG_WARN_UNREACHABLE_CODE = YES;
				CLANG_WARN__DUPLICATE_METHOD_MATCH = YES;
				"CODE_SIGN_IDENTITY[sdk=iphoneos*]" = "iPhone Developer";
				COPY_PHASE_STRIP = NO;
				DEBUG_INFORMATION_FORMAT = dwarf;
				ENABLE_STRICT_OBJC_MSGSEND = YES;
				ENABLE_TESTABILITY = YES;
				GCC_C_LANGUAGE_STANDARD = gnu99;
				GCC_DYNAMIC_NO_PIC = NO;
				GCC_NO_COMMON_BLOCKS = YES;
				GCC_OPTIMIZATION_LEVEL = 0;
				GCC_PREPROCESSOR_DEFINITIONS = (
					"DEBUG=1",
					"$(inherited)",
				);
				GCC_WARN_64_TO_32_BIT_CONVERSION = YES;
				GCC_WARN_ABOUT_RETURN_TYPE = YES_ERROR;
				GCC_WARN_UNDECLARED_SELECTOR = YES;
				GCC_WARN_UNINITIALIZED_AUTOS = YES_AGGRESSIVE;
				GCC_WARN_UNUSED_FUNCTION = YES;
				GCC_WARN_UNUSED_VARIABLE = YES;
				IPHONEOS_DEPLOYMENT_TARGET = 9.2;
				MTL_ENABLE_DEBUG_INFO = YES;
				ONLY_ACTIVE_ARCH = YES;
				SDKROOT = iphoneos;
				SWIFT_OPTIMIZATION_LEVEL = "-Onone";
			};
			name = Debug;
		};
		09C009CD1CDADFC700EFFA06 /* Release */ = {
			isa = XCBuildConfiguration;
			buildSettings = {
				ALWAYS_SEARCH_USER_PATHS = NO;
				CLANG_CXX_LANGUAGE_STANDARD = "gnu++0x";
				CLANG_CXX_LIBRARY = "libc++";
				CLANG_ENABLE_MODULES = YES;
				CLANG_ENABLE_OBJC_ARC = YES;
				CLANG_WARN_BOOL_CONVERSION = YES;
				CLANG_WARN_CONSTANT_CONVERSION = YES;
				CLANG_WARN_DIRECT_OBJC_ISA_USAGE = YES_ERROR;
				CLANG_WARN_EMPTY_BODY = YES;
				CLANG_WARN_ENUM_CONVERSION = YES;
				CLANG_WARN_INT_CONVERSION = YES;
				CLANG_WARN_OBJC_ROOT_CLASS = YES_ERROR;
				CLANG_WARN_UNREACHABLE_CODE = YES;
				CLANG_WARN__DUPLICATE_METHOD_MATCH = YES;
				"CODE_SIGN_IDENTITY[sdk=iphoneos*]" = "iPhone Developer";
				COPY_PHASE_STRIP = NO;
				DEBUG_INFORMATION_FORMAT = "dwarf-with-dsym";
				ENABLE_NS_ASSERTIONS = NO;
				ENABLE_STRICT_OBJC_MSGSEND = YES;
				GCC_C_LANGUAGE_STANDARD = gnu99;
				GCC_NO_COMMON_BLOCKS = YES;
				GCC_WARN_64_TO_32_BIT_CONVERSION = YES;
				GCC_WARN_ABOUT_RETURN_TYPE = YES_ERROR;
				GCC_WARN_UNDECLARED_SELECTOR = YES;
				GCC_WARN_UNINITIALIZED_AUTOS = YES_AGGRESSIVE;
				GCC_WARN_UNUSED_FUNCTION = YES;
				GCC_WARN_UNUSED_VARIABLE = YES;
				IPHONEOS_DEPLOYMENT_TARGET = 9.2;
				MTL_ENABLE_DEBUG_INFO = NO;
				SDKROOT = iphoneos;
				VALIDATE_PRODUCT = YES;
			};
			name = Release;
		};
		09C009CF1CDADFC700EFFA06 /* Debug */ = {
			isa = XCBuildConfiguration;
			buildSettings = {
				ASSETCATALOG_COMPILER_APPICON_NAME = AppIcon;
				INFOPLIST_FILE = Blackjack/Info.plist;
				LD_RUNPATH_SEARCH_PATHS = "$(inherited) @executable_path/Frameworks";
				PRODUCT_BUNDLE_IDENTIFIER = "Max-Ong.Blackjack";
				PRODUCT_NAME = "$(TARGET_NAME)";
			};
			name = Debug;
		};
		09C009D01CDADFC700EFFA06 /* Release */ = {
			isa = XCBuildConfiguration;
			buildSettings = {
				ASSETCATALOG_COMPILER_APPICON_NAME = AppIcon;
				INFOPLIST_FILE = Blackjack/Info.plist;
				LD_RUNPATH_SEARCH_PATHS = "$(inherited) @executable_path/Frameworks";
				PRODUCT_BUNDLE_IDENTIFIER = "Max-Ong.Blackjack";
				PRODUCT_NAME = "$(TARGET_NAME)";
			};
			name = Release;
		};
/* End XCBuildConfiguration section */

/* Begin XCConfigurationList section */
		09C009B71CDADFC600EFFA06 /* Build configuration list for PBXProject "Blackjack" */ = {
			isa = XCConfigurationList;
			buildConfigurations = (
				09C009CC1CDADFC700EFFA06 /* Debug */,
				09C009CD1CDADFC700EFFA06 /* Release */,
			);
			defaultConfigurationIsVisible = 0;
			defaultConfigurationName = Release;
		};
		09C009CE1CDADFC700EFFA06 /* Build configuration list for PBXNativeTarget "Blackjack" */ = {
			isa = XCConfigurationList;
			buildConfigurations = (
				09C009CF1CDADFC700EFFA06 /* Debug */,
				09C009D01CDADFC700EFFA06 /* Release */,
			);
			defaultConfigurationIsVisible = 0;
			defaultConfigurationName = Release;
		};
/* End XCConfigurationList section */
	};
	rootObject = 09C009B41CDADFC600EFFA06 /* Project object */;
}
